
Microsoft Visual Studio Solution File, Format Version 12.00
# Visual Studio Version 17
VisualStudioVersion = 17.9.34701.34
MinimumVisualStudioVersion = 10.0.40219.1
Project("{FAE04EC0-301F-11D3-BF4B-00C04F79EFBC}") = "Webphone", "Webphone\Webphone.csproj", "{17ADB712-89B6-4E42-B64E-236A61D189E2}"
EndProject
Global
	GlobalSection(SolutionConfigurationPlatforms) = preSolution
		Debug|Any CPU = Debug|Any CPU
		Release|Any CPU = Release|Any CPU
	EndGlobalSection
	GlobalSection(ProjectConfigurationPlatforms) = postSolution
		{17ADB712-89B6-4E42-B64E-236A61D189E2}.Debug|Any CPU.ActiveCfg = Debug|Any CPU
		{17ADB712-89B6-4E42-B64E-236A61D189E2}.Debug|Any CPU.Build.0 = Debug|Any CPU
		{17ADB712-89B6-4E42-B64E-236A61D189E2}.Release|Any CPU.ActiveCfg = Release|Any CPU
		{17ADB712-89B6-4E42-B64E-236A61D189E2}.Release|Any CPU.Build.0 = Release|Any CPU
	EndGlobalSection
	GlobalSection(SolutionProperties) = preSolution
		HideSolutionNode = FALSE
	EndGlobalSection
	GlobalSection(ExtensibilityGlobals) = postSolution
		SolutionGuid = {8682B792-BCF7-4734-A2C7-F7D2E3719928}
	EndGlobalSection
EndGlobal
